// !$*UTF8*$!
{
	archiveVersion = 1;
	classes = {
	};
	objectVersion = 46;
	objects = {

/* Begin PBXBuildFile section */
		916DAAA618EE591E00448620 /* CoreServices.framework in Frameworks */ = {isa = PBXBuildFile; fileRef = 916DAAA518EE591E00448620 /* CoreServices.framework */; };
		916DAAA918EE920100448620 /* XTMAppDelegate.m in Sources */ = {isa = PBXBuildFile; fileRef = 916DAAA818EE920100448620 /* XTMAppDelegate.m */; };
		91B45A6718EAC27F00BE4BA1 /* Foundation.framework in Frameworks */ = {isa = PBXBuildFile; fileRef = 91B45A6618EAC27F00BE4BA1 /* Foundation.framework */; };
		91B45A6A18EAC27F00BE4BA1 /* main.m in Sources */ = {isa = PBXBuildFile; fileRef = 91B45A6918EAC27F00BE4BA1 /* main.m */; };
		91B45A6E18EAC27F00BE4BA1 /* XCTestMate.1 in CopyFiles */ = {isa = PBXBuildFile; fileRef = 91B45A6D18EAC27F00BE4BA1 /* XCTestMate.1 */; };
/* End PBXBuildFile section */

/* Begin PBXCopyFilesBuildPhase section */
		91B45A6118EAC27F00BE4BA1 /* CopyFiles */ = {
			isa = PBXCopyFilesBuildPhase;
			buildActionMask = 2147483647;
			dstPath = /usr/share/man/man1/;
			dstSubfolderSpec = 0;
			files = (
				91B45A6E18EAC27F00BE4BA1 /* XCTestMate.1 in CopyFiles */,
			);
			runOnlyForDeploymentPostprocessing = 1;
		};
/* End PBXCopyFilesBuildPhase section */

/* Begin PBXFileReference section */
		916DAAA518EE591E00448620 /* CoreServices.framework */ = {isa = PBXFileReference; lastKnownFileType = wrapper.framework; name = CoreServices.framework; path = System/Library/Frameworks/CoreServices.framework; sourceTree = SDKROOT; };
		916DAAA718EE920100448620 /* XTMAppDelegate.h */ = {isa = PBXFileReference; fileEncoding = 4; lastKnownFileType = sourcecode.c.h; path = XTMAppDelegate.h; sourceTree = "<group>"; };
		916DAAA818EE920100448620 /* XTMAppDelegate.m */ = {isa = PBXFileReference; fileEncoding = 4; lastKnownFileType = sourcecode.c.objc; path = XTMAppDelegate.m; sourceTree = "<group>"; };
		91B45A6318EAC27F00BE4BA1 /* XCTestMate */ = {isa = PBXFileReference; explicitFileType = "compiled.mach-o.executable"; includeInIndex = 0; path = XCTestMate; sourceTree = BUILT_PRODUCTS_DIR; };
		91B45A6618EAC27F00BE4BA1 /* Foundation.framework */ = {isa = PBXFileReference; lastKnownFileType = wrapper.framework; name = Foundation.framework; path = System/Library/Frameworks/Foundation.framework; sourceTree = SDKROOT; };
		91B45A6918EAC27F00BE4BA1 /* main.m */ = {isa = PBXFileReference; lastKnownFileType = sourcecode.c.objc; path = main.m; sourceTree = "<group>"; };
		91B45A6C18EAC27F00BE4BA1 /* XCTestMate-Prefix.pch */ = {isa = PBXFileReference; lastKnownFileType = sourcecode.c.h; path = "XCTestMate-Prefix.pch"; sourceTree = "<group>"; };
		91B45A6D18EAC27F00BE4BA1 /* XCTestMate.1 */ = {isa = PBXFileReference; lastKnownFileType = text.man; path = XCTestMate.1; sourceTree = "<group>"; };
/* End PBXFileReference section */

/* Begin PBXFrameworksBuildPhase section */
		91B45A6018EAC27F00BE4BA1 /* Frameworks */ = {
			isa = PBXFrameworksBuildPhase;
			buildActionMask = 2147483647;
			files = (
				916DAAA618EE591E00448620 /* CoreServices.framework in Frameworks */,
				91B45A6718EAC27F00BE4BA1 /* Foundation.framework in Frameworks */,
			);
			runOnlyForDeploymentPostprocessing = 0;
		};
/* End PBXFrameworksBuildPhase section */

/* Begin PBXGroup section */
		91B45A5A18EAC27F00BE4BA1 = {
			isa = PBXGroup;
			children = (
				91B45A6818EAC27F00BE4BA1 /* XCTestMate */,
				91B45A6518EAC27F00BE4BA1 /* Frameworks */,
				91B45A6418EAC27F00BE4BA1 /* Products */,
			);
			sourceTree = "<group>";
		};
		91B45A6418EAC27F00BE4BA1 /* Products */ = {
			isa = PBXGroup;
			children = (
				91B45A6318EAC27F00BE4BA1 /* XCTestMate */,
			);
			name = Products;
			sourceTree = "<group>";
		};
		91B45A6518EAC27F00BE4BA1 /* Frameworks */ = {
			isa = PBXGroup;
			children = (
				916DAAA518EE591E00448620 /* CoreServices.framework */,
				91B45A6618EAC27F00BE4BA1 /* Foundation.framework */,
			);
			name = Frameworks;
			sourceTree = "<group>";
		};
		91B45A6818EAC27F00BE4BA1 /* XCTestMate */ = {
			isa = PBXGroup;
			children = (
				91B45A6918EAC27F00BE4BA1 /* main.m */,
				916DAAA718EE920100448620 /* XTMAppDelegate.h */,
				916DAAA818EE920100448620 /* XTMAppDelegate.m */,
				91B45A6D18EAC27F00BE4BA1 /* XCTestMate.1 */,
				91B45A6B18EAC27F00BE4BA1 /* Supporting Files */,
			);
			path = XCTestMate;
			sourceTree = "<group>";
		};
		91B45A6B18EAC27F00BE4BA1 /* Supporting Files */ = {
			isa = PBXGroup;
			children = (
				91B45A6C18EAC27F00BE4BA1 /* XCTestMate-Prefix.pch */,
			);
			name = "Supporting Files";
			sourceTree = "<group>";
		};
/* End PBXGroup section */

/* Begin PBXNativeTarget section */
		91B45A6218EAC27F00BE4BA1 /* XCTestMate */ = {
			isa = PBXNativeTarget;
			buildConfigurationList = 91B45A7118EAC27F00BE4BA1 /* Build configuration list for PBXNativeTarget "XCTestMate" */;
			buildPhases = (
				91B45A5F18EAC27F00BE4BA1 /* Sources */,
				91B45A6018EAC27F00BE4BA1 /* Frameworks */,
				91B45A6118EAC27F00BE4BA1 /* CopyFiles */,
			);
			buildRules = (
			);
			dependencies = (
			);
			name = XCTestMate;
			productName = XCTestMate;
			productReference = 91B45A6318EAC27F00BE4BA1 /* XCTestMate */;
			productType = "com.apple.product-type.tool";
		};
/* End PBXNativeTarget section */

/* Begin PBXProject section */
		91B45A5B18EAC27F00BE4BA1 /* Project object */ = {
			isa = PBXProject;
			attributes = {
				LastUpgradeCheck = 0510;
				ORGANIZATIONNAME = eyeplum;
			};
			buildConfigurationList = 91B45A5E18EAC27F00BE4BA1 /* Build configuration list for PBXProject "XCTestMate" */;
			compatibilityVersion = "Xcode 3.2";
			developmentRegion = English;
			hasScannedForEncodings = 0;
			knownRegions = (
				en,
			);
			mainGroup = 91B45A5A18EAC27F00BE4BA1;
			productRefGroup = 91B45A6418EAC27F00BE4BA1 /* Products */;
			projectDirPath = "";
			projectRoot = "";
			targets = (
				91B45A6218EAC27F00BE4BA1 /* XCTestMate */,
			);
		};
/* End PBXProject section */

/* Begin PBXSourcesBuildPhase section */
		91B45A5F18EAC27F00BE4BA1 /* Sources */ = {
			isa = PBXSourcesBuildPhase;
			buildActionMask = 2147483647;
			files = (
				916DAAA918EE920100448620 /* XTMAppDelegate.m in Sources */,
				91B45A6A18EAC27F00BE4BA1 /* main.m in Sources */,
			);
			runOnlyForDeploymentPostprocessing = 0;
		};
/* End PBXSourcesBuildPhase section */

/* Begin XCBuildConfiguration section */
		91B45A6F18EAC27F00BE4BA1 /* Debug */ = {
			isa = XCBuildConfiguration;
			buildSettings = {
				ALWAYS_SEARCH_USER_PATHS = NO;
				CLANG_CXX_LANGUAGE_STANDARD = "gnu++0x";
				CLANG_CXX_LIBRARY = "libc++";
				CLANG_ENABLE_MODULES = YES;
				CLANG_ENABLE_OBJC_ARC = YES;
				CLANG_WARN_BOOL_CONVERSION = YES;
				CLANG_WARN_CONSTANT_CONVERSION = YES;
				CLANG_WARN_DIRECT_OBJC_ISA_USAGE = YES_ERROR;
				CLANG_WARN_EMPTY_BODY = YES;
				CLANG_WARN_ENUM_CONVERSION = YES;
				CLANG_WARN_INT_CONVERSION = YES;
				CLANG_WARN_OBJC_ROOT_CLASS = YES_ERROR;
				CLANG_WARN__DUPLICATE_METHOD_MATCH = YES;
				COPY_PHASE_STRIP = NO;
				GCC_C_LANGUAGE_STANDARD = gnu99;
				GCC_DYNAMIC_NO_PIC = NO;
				GCC_ENABLE_OBJC_EXCEPTIONS = YES;
				GCC_OPTIMIZATION_LEVEL = 0;
				GCC_PREPROCESSOR_DEFINITIONS = (
					"DEBUG=1",
					"$(inherited)",
				);
				GCC_SYMBOLS_PRIVATE_EXTERN = NO;
				GCC_WARN_64_TO_32_BIT_CONVERSION = YES;
				GCC_WARN_ABOUT_RETURN_TYPE = YES_ERROR;
				GCC_WARN_UNDECLARED_SELECTOR = YES;
				GCC_WARN_UNINITIALIZED_AUTOS = YES_AGGRESSIVE;
				GCC_WARN_UNUSED_FUNCTION = YES;
				GCC_WARN_UNUSED_VARIABLE = YES;
				MACOSX_DEPLOYMENT_TARGET = 10.9;
				ONLY_ACTIVE_ARCH = YES;
				SDKROOT = macosx;
			};
			name = Debug;
		};
		91B45A7018EAC27F00BE4BA1 /* Release */ = {
			isa = XCBuildConfiguration;
			buildSettings = {
				ALWAYS_SEARCH_USER_PATHS = NO;
				CLANG_CXX_LANGUAGE_STANDARD = "gnu++0x";
				CLANG_CXX_LIBRARY = "libc++";
				CLANG_ENABLE_MODULES = YES;
				CLANG_ENABLE_OBJC_ARC = YES;
				CLANG_WARN_BOOL_CONVERSION = YES;
				CLANG_WARN_CONSTANT_CONVERSION = YES;
				CLANG_WARN_DIRECT_OBJC_ISA_USAGE = YES_ERROR;
				CLANG_WARN_EMPTY_BODY = YES;
				CLANG_WARN_ENUM_CONVERSION = YES;
				CLANG_WARN_INT_CONVERSION = YES;
				CLANG_WARN_OBJC_ROOT_CLASS = YES_ERROR;
				CLANG_WARN__DUPLICATE_METHOD_MATCH = YES;
				COPY_PHASE_STRIP = YES;
				DEBUG_INFORMATION_FORMAT = "dwarf-with-dsym";
				ENABLE_NS_ASSERTIONS = NO;
				GCC_C_LANGUAGE_STANDARD = gnu99;
				GCC_ENABLE_OBJC_EXCEPTIONS = YES;
				GCC_WARN_64_TO_32_BIT_CONVERSION = YES;
				GCC_WARN_ABOUT_RETURN_TYPE = YES_ERROR;
				GCC_WARN_UNDECLARED_SELECTOR = YES;
				GCC_WARN_UNINITIALIZED_AUTOS = YES_AGGRESSIVE;
				GCC_WARN_UNUSED_FUNCTION = YES;
				GCC_WARN_UNUSED_VARIABLE = YES;
				MACOSX_DEPLOYMENT_TARGET = 10.9;
				SDKROOT = macosx;
			};
			name = Release;
		};
		91B45A7218EAC27F00BE4BA1 /* Debug */ = {
			isa = XCBuildConfiguration;
			buildSettings = {
				GCC_PRECOMPILE_PREFIX_HEADER = YES;
				GCC_PREFIX_HEADER = "XCTestMate/XCTestMate-Prefix.pch";
				PRODUCT_NAME = "$(TARGET_NAME)";
			};
			name = Debug;
		};
		91B45A7318EAC27F00BE4BA1 /* Release */ = {
			isa = XCBuildConfiguration;
			buildSettings = {
				GCC_PRECOMPILE_PREFIX_HEADER = YES;
				GCC_PREFIX_HEADER = "XCTestMate/XCTestMate-Prefix.pch";
				PRODUCT_NAME = "$(TARGET_NAME)";
			};
			name = Release;
		};
/* End XCBuildConfiguration section */

/* Begin XCConfigurationList section */
		91B45A5E18EAC27F00BE4BA1 /* Build configuration list for PBXProject "XCTestMate" */ = {
			isa = XCConfigurationList;
			buildConfigurations = (
				91B45A6F18EAC27F00BE4BA1 /* Debug */,
				91B45A7018EAC27F00BE4BA1 /* Release */,
			);
			defaultConfigurationIsVisible = 0;
			defaultConfigurationName = Release;
		};
		91B45A7118EAC27F00BE4BA1 /* Build configuration list for PBXNativeTarget "XCTestMate" */ = {
			isa = XCConfigurationList;
			buildConfigurations = (
				91B45A7218EAC27F00BE4BA1 /* Debug */,
				91B45A7318EAC27F00BE4BA1 /* Release */,
			);
			defaultConfigurationIsVisible = 0;
			defaultConfigurationName = Release;
		};
/* End XCConfigurationList section */
	};
	rootObject = 91B45A5B18EAC27F00BE4BA1 /* Project object */;
}
